{
  "version": 4,
  "terraform_version": "0.12.19",
  "serial": 22,
  "lineage": "e72b8801-41d8-f1f7-edca-008336c18cd2",
  "outputs": {},
  "resources": [
    {
      "mode": "managed",
      "type": "openstack_compute_instance_v2",
      "name": "instance_1",
      "provider": "provider.openstack",
      "instances": [
        {
          "schema_version": 0,
          "attributes": {
            "access_ip_v4": "192.168.199.10",
            "access_ip_v6": "",
            "admin_pass": null,
            "all_metadata": {},
            "all_tags": [],
            "availability_zone": "nova",
            "block_device": [],
            "config_drive": null,
            "flavor_id": "2",
            "flavor_name": "m1.small",
            "floating_ip": null,
            "force_delete": false,
            "id": "3ad63854-ab2a-4207-82ac-286a591649db",
            "image_id": "79b6232f-0538-45e6-a930-0856d6afcd2e",
            "image_name": "ubuntu-bionic-x86_64",
            "key_pair": "perso_key",
            "metadata": null,
            "name": "instance_1",
            "network": [
              {
                "access_network": false,
                "fixed_ip_v4": "192.168.199.10",
                "fixed_ip_v6": "",
                "floating_ip": "",
                "mac": "fa:16:3e:55:60:d2",
                "name": "network_1",
                "port": "4ac4d9a4-a3ea-4677-bce1-9509b1546f5e",
                "uuid": "3307e6f6-f191-44bc-b0a8-483ba9accb45"
              }
            ],
            "personality": [],
            "power_state": "active",
            "region": "RegionOne",
            "scheduler_hints": [],
            "security_groups": [
              "secgroup_1"
            ],
            "stop_before_destroy": false,
            "tags": [],
            "timeouts": null,
            "user_data": null,
            "vendor_options": [],
            "volume": []
          },
          "private": "eyJlMmJmYjczMC1lY2FhLTExZTYtOGY4OC0zNDM2M2JjN2M0YzAiOnsiY3JlYXRlIjoxODAwMDAwMDAwMDAwLCJkZWxldGUiOjE4MDAwMDAwMDAwMDAsInVwZGF0ZSI6MTgwMDAwMDAwMDAwMH19",
          "dependencies": [
            "openstack_compute_secgroup_v2.secgroup_1",
            "openstack_networking_port_v2.port_1"
          ]
        }
      ]
    },
    {
      "mode": "managed",
      "type": "openstack_compute_keypair_v2",
      "name": "test-keypair",
      "provider": "provider.openstack",
      "instances": [
        {
          "schema_version": 0,
          "attributes": {
            "fingerprint": "f2:6d:74:d1:7a:24:18:34:1b:b4:8d:0e:72:18:2a:52",
            "id": "perso_key",
            "name": "perso_key",
            "private_key": "",
            "public_key": "ssh-rsa AAAAB3NzaC1yc2EAAAADAQABAAABAQC5A2xJBmCfNfM+7li4Zyhh2jyYorTvSTqQr3MTAgLydS219UzshemiSk93omnwQtlXT2bB/HqLKZU/0K5pg+VvaXGAFAevcg9NAQTXI636pXxv8vqMyeEPyYl+4gDsNnmzz7Ig4wAYiivdG6W2J5/N1HxsowHjAEXURskRdkzx4nd4vOnE6lifHqB6kbprBeAQWZ4aPS7AycfwbEyD6pvsRIygVAuJ+sjJcT8SJMYzHdn2rCB9EDvO5umb7kLM+Dhv57S3H3ghM9vL8nIpz0rnsd7lohabhSfIfSl02RfkgaRW6F0Jkl4qwNn5qalDgf/rNag67USLF4d0RWQkKB7h x1@X1\n",
            "region": "RegionOne",
            "value_specs": null
          },
          "private": "bnVsbA=="
        }
      ]
    },
    {
      "mode": "managed",
      "type": "openstack_compute_secgroup_v2",
      "name": "secgroup_1",
      "provider": "provider.openstack",
      "instances": [
        {
          "schema_version": 0,
          "attributes": {
            "description": "a security group",
            "id": "91f653fe-773b-43ed-880e-9c9f5881df80",
            "name": "secgroup_1",
            "region": "RegionOne",
            "rule": [
              {
                "cidr": "0.0.0.0/0",
                "from_group_id": "",
                "from_port": -1,
                "id": "986eeb0e-ba90-4534-8d7a-635d7c26d168",
                "ip_protocol": "icmp",
                "self": false,
                "to_port": -1
              },
              {
                "cidr": "0.0.0.0/0",
                "from_group_id": "",
                "from_port": 22,
                "id": "6d6da574-f08d-4184-b226-3e763f58b320",
                "ip_protocol": "tcp",
                "self": false,
                "to_port": 22
              }
            ],
            "timeouts": null
          },
          "private": "eyJlMmJmYjczMC1lY2FhLTExZTYtOGY4OC0zNDM2M2JjN2M0YzAiOnsiZGVsZXRlIjo2MDAwMDAwMDAwMDB9fQ=="
        }
      ]
    },
    {
      "mode": "managed",
      "type": "openstack_networking_network_v2",
      "name": "network_1",
      "provider": "provider.openstack",
      "instances": [
        {
          "schema_version": 0,
          "attributes": {
            "admin_state_up": true,
            "all_tags": [],
            "availability_zone_hints": [],
            "description": "",
            "dns_domain": "",
            "external": true,
            "id": "3307e6f6-f191-44bc-b0a8-483ba9accb45",
            "mtu": 1450,
            "name": "network_1",
            "port_security_enabled": true,
            "qos_policy_id": "",
            "region": "RegionOne",
            "segments": [],
            "shared": true,
            "tags": [],
            "tenant_id": "e3f333df5afc4cf3878106aa5656d9ea",
            "timeouts": null,
            "transparent_vlan": false,
            "value_specs": null
          },
          "private": "eyJlMmJmYjczMC1lY2FhLTExZTYtOGY4OC0zNDM2M2JjN2M0YzAiOnsiY3JlYXRlIjo2MDAwMDAwMDAwMDAsImRlbGV0ZSI6NjAwMDAwMDAwMDAwfX0="
        }
      ]
    },
    {
      "mode": "managed",
      "type": "openstack_networking_port_v2",
      "name": "port_1",
      "provider": "provider.openstack",
      "instances": [
        {
          "schema_version": 0,
          "attributes": {
            "admin_state_up": true,
            "all_fixed_ips": [
              "192.168.199.10"
            ],
            "all_security_group_ids": [
              "91f653fe-773b-43ed-880e-9c9f5881df80"
            ],
            "all_tags": [],
            "allowed_address_pairs": [],
            "binding": [
              {
                "host_id": "X1",
                "profile": "{}",
                "vif_details": {
                  "bridge_name": "br-int",
                  "connectivity": "l2",
                  "datapath_type": "system",
                  "ovs_hybrid_plug": "false",
                  "port_filter": "true"
                },
                "vif_type": "ovs",
                "vnic_type": "normal"
              }
            ],
            "description": "",
            "device_id": "3ad63854-ab2a-4207-82ac-286a591649db",
            "device_owner": "compute:nova",
            "dns_assignment": [],
            "dns_name": "",
            "extra_dhcp_option": [],
            "fixed_ip": [
              {
                "ip_address": "192.168.199.10",
                "subnet_id": "7e8bf948-4e2e-4406-867a-929daf1e718d"
              }
            ],
            "id": "4ac4d9a4-a3ea-4677-bce1-9509b1546f5e",
            "mac_address": "fa:16:3e:55:60:d2",
            "name": "port_1",
            "network_id": "3307e6f6-f191-44bc-b0a8-483ba9accb45",
            "no_fixed_ip": null,
            "no_security_groups": null,
            "port_security_enabled": true,
            "qos_policy_id": "",
            "region": "RegionOne",
            "security_group_ids": [
              "91f653fe-773b-43ed-880e-9c9f5881df80"
            ],
            "tags": [],
            "tenant_id": "e3f333df5afc4cf3878106aa5656d9ea",
            "timeouts": null,
            "value_specs": null
          },
          "private": "eyJlMmJmYjczMC1lY2FhLTExZTYtOGY4OC0zNDM2M2JjN2M0YzAiOnsiY3JlYXRlIjo2MDAwMDAwMDAwMDAsImRlbGV0ZSI6NjAwMDAwMDAwMDAwfX0=",
          "dependencies": [
            "openstack_compute_secgroup_v2.secgroup_1",
            "openstack_networking_network_v2.network_1",
            "openstack_networking_subnet_v2.subnet_1"
          ]
        }
      ]
    },
    {
      "mode": "managed",
      "type": "openstack_networking_subnet_v2",
      "name": "subnet_1",
      "provider": "provider.openstack",
      "instances": [
        {
          "schema_version": 0,
          "attributes": {
            "all_tags": [],
            "allocation_pool": [
              {
                "end": "192.168.199.254",
                "start": "192.168.199.2"
              }
            ],
            "allocation_pools": [
              {
                "end": "192.168.199.254",
                "start": "192.168.199.2"
              }
            ],
            "cidr": "192.168.199.0/24",
            "description": "",
            "dns_nameservers": [],
            "enable_dhcp": true,
            "gateway_ip": "192.168.199.1",
            "host_routes": [],
            "id": "7e8bf948-4e2e-4406-867a-929daf1e718d",
            "ip_version": 4,
            "ipv6_address_mode": "",
            "ipv6_ra_mode": "",
            "name": "subnet_1",
            "network_id": "3307e6f6-f191-44bc-b0a8-483ba9accb45",
            "no_gateway": false,
            "prefix_length": null,
            "region": "RegionOne",
            "subnetpool_id": "",
            "tags": [],
            "tenant_id": "e3f333df5afc4cf3878106aa5656d9ea",
            "timeouts": null,
            "value_specs": null
          },
          "private": "eyJlMmJmYjczMC1lY2FhLTExZTYtOGY4OC0zNDM2M2JjN2M0YzAiOnsiY3JlYXRlIjo2MDAwMDAwMDAwMDAsImRlbGV0ZSI6NjAwMDAwMDAwMDAwfX0=",
          "dependencies": [
            "openstack_networking_network_v2.network_1"
          ]
        }
      ]
    }
  ]
}
